
Microsoft Visual Studio Solution File, Format Version 12.00
# Visual Studio Version 17
VisualStudioVersion = 17.0.32112.339
MinimumVisualStudioVersion = 10.0.40219.1
Project("{2150E333-8FDC-42A3-9474-1A3956D46DE8}") = "Services", "Services", "{84298611-5C46-4727-ABF4-243639C804EF}"
EndProject
Project("{2150E333-8FDC-42A3-9474-1A3956D46DE8}") = "Catalog", "Catalog", "{90027A97-80B4-4D1D-9277-05042AD22A30}"
EndProject
Project("{2150E333-8FDC-42A3-9474-1A3956D46DE8}") = "Shared", "Shared", "{0F2641A4-B931-4F89-ABC6-E22A0A412D7A}"
EndProject
Project("{9A19103F-16F7-4668-BE54-9A1E7A4F7556}") = "Teknosol.Shared", "Shared\Teknosol.Shared\Teknosol.Shared.csproj", "{90387020-9E64-4FF3-8452-4D9D7F42A8A7}"
EndProject
Project("{9A19103F-16F7-4668-BE54-9A1E7A4F7556}") = "Teknosol.Services.Catalog", "Services\Catalog\Teknosol.Services.Catalog\Teknosol.Services.Catalog.csproj", "{35F9146B-95C4-4940-B9D5-BCBD8F27F146}"
EndProject
Project("{2150E333-8FDC-42A3-9474-1A3956D46DE8}") = "IdentityServer", "IdentityServer", "{D4F29B2F-5B2D-4663-9089-219B6783513B}"
EndProject
Project("{9A19103F-16F7-4668-BE54-9A1E7A4F7556}") = "Teknosol.IdentityServer", "IdentityServer\Teknosol.IdentityServer\Teknosol.IdentityServer.csproj", "{1B46DC57-72DD-40C6-9233-A78AFCE05F4A}"
EndProject
Project("{2150E333-8FDC-42A3-9474-1A3956D46DE8}") = "PhotoStock", "PhotoStock", "{28AC7B45-D2ED-4C12-9648-4B78F75AE578}"
EndProject
Project("{9A19103F-16F7-4668-BE54-9A1E7A4F7556}") = "Teknosol.Services.PhotoStock", "Services\PhotoStock\Teknosol.Services.PhotoStock\Teknosol.Services.PhotoStock.csproj", "{8D14010F-2ADE-4AEC-8579-E6FB2EA1038E}"
EndProject
Project("{2150E333-8FDC-42A3-9474-1A3956D46DE8}") = "Basket", "Basket", "{4C7CA596-376B-4855-B6CD-96606F240FCC}"
EndProject
Project("{9A19103F-16F7-4668-BE54-9A1E7A4F7556}") = "Teknosol.Services.Basket", "Services\Basket\Teknosol.Services.Basket\Teknosol.Services.Basket.csproj", "{36E20C05-3217-4929-B925-6D660DFB1EBC}"
EndProject
Project("{2150E333-8FDC-42A3-9474-1A3956D46DE8}") = "Discount", "Discount", "{49F82087-6A0D-49A6-87A3-659F0E9EFAF6}"
EndProject
Project("{9A19103F-16F7-4668-BE54-9A1E7A4F7556}") = "Teknosol.Services.Discount", "Services\Discount\Teknosol.Services.Discount\Teknosol.Services.Discount.csproj", "{E172B4D9-E1FC-4437-9A0E-5035D3B4BC02}"
EndProject
Project("{2150E333-8FDC-42A3-9474-1A3956D46DE8}") = "Order", "Order", "{464A47E7-E595-4244-A699-6F6A2522F079}"
EndProject
Project("{9A19103F-16F7-4668-BE54-9A1E7A4F7556}") = "Teknosol.Services.Order.API", "Services\Order\Teknosol.Services.Order.API\Teknosol.Services.Order.API.csproj", "{E08A5C44-5B36-4AAE-8EE5-883EAA16D0E8}"
EndProject
Project("{9A19103F-16F7-4668-BE54-9A1E7A4F7556}") = "Teknosol.Services.Order.Application", "Services\Order\Teknosol.Services.Order.Application\Teknosol.Services.Order.Application.csproj", "{5F3B7E5E-AF6D-436C-B81D-0D5D1D2CD6CB}"
EndProject
Project("{9A19103F-16F7-4668-BE54-9A1E7A4F7556}") = "Teknosol.Services.Order.Domain", "Services\Order\Teknosol.Services.Order.Domain\Teknosol.Services.Order.Domain.csproj", "{4F642B91-5F75-4C71-B638-7899ABCB0814}"
EndProject
Project("{9A19103F-16F7-4668-BE54-9A1E7A4F7556}") = "Teknosol.Services.Order.Domain.Core", "Services\Order\Teknosol.Services.Order.Domain.Core\Teknosol.Services.Order.Domain.Core.csproj", "{EAA4763C-5EEA-4C0F-8EF9-FBC8F9E135EE}"
EndProject
Project("{9A19103F-16F7-4668-BE54-9A1E7A4F7556}") = "Teknosol.Services.Order.Infrastructure", "Services\Order\Teknosol.Services.Order.Infrastructure\Teknosol.Services.Order.Infrastructure.csproj", "{B87D8E20-90D6-4A3C-9A30-34222ED19AC4}"
EndProject
Project("{2150E333-8FDC-42A3-9474-1A3956D46DE8}") = "FakePayment", "FakePayment", "{B0E38B2B-D3D7-401B-AD0F-65F1D8034324}"
EndProject
Project("{9A19103F-16F7-4668-BE54-9A1E7A4F7556}") = "Teknosol.Services.FakePayment", "Services\FakePayment\Teknosol.Services.FakePayment\Teknosol.Services.FakePayment.csproj", "{E4DBFF2B-0E8E-495F-89BE-F4B15A4C7FC5}"
EndProject
Project("{2150E333-8FDC-42A3-9474-1A3956D46DE8}") = "Gateway", "Gateway", "{F55BB7BB-CC3A-49B8-A058-D703B3AB518B}"
EndProject
Project("{FAE04EC0-301F-11D3-BF4B-00C04F79EFBC}") = "Teknosol.Gateway", "Gateway\Teknosol.Gateway\Teknosol.Gateway.csproj", "{AD284810-1391-4E65-9A1B-E54BD6D8D4B4}"
EndProject
Global
	GlobalSection(SolutionConfigurationPlatforms) = preSolution
		Debug|Any CPU = Debug|Any CPU
		Release|Any CPU = Release|Any CPU
	EndGlobalSection
	GlobalSection(ProjectConfigurationPlatforms) = postSolution
		{90387020-9E64-4FF3-8452-4D9D7F42A8A7}.Debug|Any CPU.ActiveCfg = Debug|Any CPU
		{90387020-9E64-4FF3-8452-4D9D7F42A8A7}.Debug|Any CPU.Build.0 = Debug|Any CPU
		{90387020-9E64-4FF3-8452-4D9D7F42A8A7}.Release|Any CPU.ActiveCfg = Release|Any CPU
		{90387020-9E64-4FF3-8452-4D9D7F42A8A7}.Release|Any CPU.Build.0 = Release|Any CPU
		{35F9146B-95C4-4940-B9D5-BCBD8F27F146}.Debug|Any CPU.ActiveCfg = Debug|Any CPU
		{35F9146B-95C4-4940-B9D5-BCBD8F27F146}.Debug|Any CPU.Build.0 = Debug|Any CPU
		{35F9146B-95C4-4940-B9D5-BCBD8F27F146}.Debug|Any CPU.Deploy.0 = Debug|Any CPU
		{35F9146B-95C4-4940-B9D5-BCBD8F27F146}.Release|Any CPU.ActiveCfg = Release|Any CPU
		{35F9146B-95C4-4940-B9D5-BCBD8F27F146}.Release|Any CPU.Build.0 = Release|Any CPU
		{1B46DC57-72DD-40C6-9233-A78AFCE05F4A}.Debug|Any CPU.ActiveCfg = Debug|Any CPU
		{1B46DC57-72DD-40C6-9233-A78AFCE05F4A}.Debug|Any CPU.Build.0 = Debug|Any CPU
		{1B46DC57-72DD-40C6-9233-A78AFCE05F4A}.Debug|Any CPU.Deploy.0 = Debug|Any CPU
		{1B46DC57-72DD-40C6-9233-A78AFCE05F4A}.Release|Any CPU.ActiveCfg = Release|Any CPU
		{1B46DC57-72DD-40C6-9233-A78AFCE05F4A}.Release|Any CPU.Build.0 = Release|Any CPU
		{8D14010F-2ADE-4AEC-8579-E6FB2EA1038E}.Debug|Any CPU.ActiveCfg = Debug|Any CPU
		{8D14010F-2ADE-4AEC-8579-E6FB2EA1038E}.Debug|Any CPU.Build.0 = Debug|Any CPU
		{8D14010F-2ADE-4AEC-8579-E6FB2EA1038E}.Release|Any CPU.ActiveCfg = Release|Any CPU
		{8D14010F-2ADE-4AEC-8579-E6FB2EA1038E}.Release|Any CPU.Build.0 = Release|Any CPU
		{36E20C05-3217-4929-B925-6D660DFB1EBC}.Debug|Any CPU.ActiveCfg = Debug|Any CPU
		{36E20C05-3217-4929-B925-6D660DFB1EBC}.Debug|Any CPU.Build.0 = Debug|Any CPU
		{36E20C05-3217-4929-B925-6D660DFB1EBC}.Release|Any CPU.ActiveCfg = Release|Any CPU
		{36E20C05-3217-4929-B925-6D660DFB1EBC}.Release|Any CPU.Build.0 = Release|Any CPU
		{E172B4D9-E1FC-4437-9A0E-5035D3B4BC02}.Debug|Any CPU.ActiveCfg = Debug|Any CPU
		{E172B4D9-E1FC-4437-9A0E-5035D3B4BC02}.Debug|Any CPU.Build.0 = Debug|Any CPU
		{E172B4D9-E1FC-4437-9A0E-5035D3B4BC02}.Release|Any CPU.ActiveCfg = Release|Any CPU
		{E172B4D9-E1FC-4437-9A0E-5035D3B4BC02}.Release|Any CPU.Build.0 = Release|Any CPU
		{E08A5C44-5B36-4AAE-8EE5-883EAA16D0E8}.Debug|Any CPU.ActiveCfg = Debug|Any CPU
		{E08A5C44-5B36-4AAE-8EE5-883EAA16D0E8}.Debug|Any CPU.Build.0 = Debug|Any CPU
		{E08A5C44-5B36-4AAE-8EE5-883EAA16D0E8}.Release|Any CPU.ActiveCfg = Release|Any CPU
		{E08A5C44-5B36-4AAE-8EE5-883EAA16D0E8}.Release|Any CPU.Build.0 = Release|Any CPU
		{5F3B7E5E-AF6D-436C-B81D-0D5D1D2CD6CB}.Debug|Any CPU.ActiveCfg = Debug|Any CPU
		{5F3B7E5E-AF6D-436C-B81D-0D5D1D2CD6CB}.Debug|Any CPU.Build.0 = Debug|Any CPU
		{5F3B7E5E-AF6D-436C-B81D-0D5D1D2CD6CB}.Release|Any CPU.ActiveCfg = Release|Any CPU
		{5F3B7E5E-AF6D-436C-B81D-0D5D1D2CD6CB}.Release|Any CPU.Build.0 = Release|Any CPU
		{4F642B91-5F75-4C71-B638-7899ABCB0814}.Debug|Any CPU.ActiveCfg = Debug|Any CPU
		{4F642B91-5F75-4C71-B638-7899ABCB0814}.Debug|Any CPU.Build.0 = Debug|Any CPU
		{4F642B91-5F75-4C71-B638-7899ABCB0814}.Release|Any CPU.ActiveCfg = Release|Any CPU
		{4F642B91-5F75-4C71-B638-7899ABCB0814}.Release|Any CPU.Build.0 = Release|Any CPU
		{EAA4763C-5EEA-4C0F-8EF9-FBC8F9E135EE}.Debug|Any CPU.ActiveCfg = Debug|Any CPU
		{EAA4763C-5EEA-4C0F-8EF9-FBC8F9E135EE}.Debug|Any CPU.Build.0 = Debug|Any CPU
		{EAA4763C-5EEA-4C0F-8EF9-FBC8F9E135EE}.Release|Any CPU.ActiveCfg = Release|Any CPU
		{EAA4763C-5EEA-4C0F-8EF9-FBC8F9E135EE}.Release|Any CPU.Build.0 = Release|Any CPU
		{B87D8E20-90D6-4A3C-9A30-34222ED19AC4}.Debug|Any CPU.ActiveCfg = Debug|Any CPU
		{B87D8E20-90D6-4A3C-9A30-34222ED19AC4}.Debug|Any CPU.Build.0 = Debug|Any CPU
		{B87D8E20-90D6-4A3C-9A30-34222ED19AC4}.Release|Any CPU.ActiveCfg = Release|Any CPU
		{B87D8E20-90D6-4A3C-9A30-34222ED19AC4}.Release|Any CPU.Build.0 = Release|Any CPU
		{E4DBFF2B-0E8E-495F-89BE-F4B15A4C7FC5}.Debug|Any CPU.ActiveCfg = Debug|Any CPU
		{E4DBFF2B-0E8E-495F-89BE-F4B15A4C7FC5}.Debug|Any CPU.Build.0 = Debug|Any CPU
		{E4DBFF2B-0E8E-495F-89BE-F4B15A4C7FC5}.Release|Any CPU.ActiveCfg = Release|Any CPU
		{E4DBFF2B-0E8E-495F-89BE-F4B15A4C7FC5}.Release|Any CPU.Build.0 = Release|Any CPU
		{AD284810-1391-4E65-9A1B-E54BD6D8D4B4}.Debug|Any CPU.ActiveCfg = Debug|Any CPU
		{AD284810-1391-4E65-9A1B-E54BD6D8D4B4}.Debug|Any CPU.Build.0 = Debug|Any CPU
		{AD284810-1391-4E65-9A1B-E54BD6D8D4B4}.Release|Any CPU.ActiveCfg = Release|Any CPU
		{AD284810-1391-4E65-9A1B-E54BD6D8D4B4}.Release|Any CPU.Build.0 = Release|Any CPU
	EndGlobalSection
	GlobalSection(SolutionProperties) = preSolution
		HideSolutionNode = FALSE
	EndGlobalSection
	GlobalSection(NestedProjects) = preSolution
		{90027A97-80B4-4D1D-9277-05042AD22A30} = {84298611-5C46-4727-ABF4-243639C804EF}
		{90387020-9E64-4FF3-8452-4D9D7F42A8A7} = {0F2641A4-B931-4F89-ABC6-E22A0A412D7A}
		{35F9146B-95C4-4940-B9D5-BCBD8F27F146} = {90027A97-80B4-4D1D-9277-05042AD22A30}
		{1B46DC57-72DD-40C6-9233-A78AFCE05F4A} = {D4F29B2F-5B2D-4663-9089-219B6783513B}
		{28AC7B45-D2ED-4C12-9648-4B78F75AE578} = {84298611-5C46-4727-ABF4-243639C804EF}
		{8D14010F-2ADE-4AEC-8579-E6FB2EA1038E} = {28AC7B45-D2ED-4C12-9648-4B78F75AE578}
		{4C7CA596-376B-4855-B6CD-96606F240FCC} = {84298611-5C46-4727-ABF4-243639C804EF}
		{36E20C05-3217-4929-B925-6D660DFB1EBC} = {4C7CA596-376B-4855-B6CD-96606F240FCC}
		{49F82087-6A0D-49A6-87A3-659F0E9EFAF6} = {84298611-5C46-4727-ABF4-243639C804EF}
		{E172B4D9-E1FC-4437-9A0E-5035D3B4BC02} = {49F82087-6A0D-49A6-87A3-659F0E9EFAF6}
		{464A47E7-E595-4244-A699-6F6A2522F079} = {84298611-5C46-4727-ABF4-243639C804EF}
		{E08A5C44-5B36-4AAE-8EE5-883EAA16D0E8} = {464A47E7-E595-4244-A699-6F6A2522F079}
		{5F3B7E5E-AF6D-436C-B81D-0D5D1D2CD6CB} = {464A47E7-E595-4244-A699-6F6A2522F079}
		{4F642B91-5F75-4C71-B638-7899ABCB0814} = {464A47E7-E595-4244-A699-6F6A2522F079}
		{EAA4763C-5EEA-4C0F-8EF9-FBC8F9E135EE} = {464A47E7-E595-4244-A699-6F6A2522F079}
		{B87D8E20-90D6-4A3C-9A30-34222ED19AC4} = {464A47E7-E595-4244-A699-6F6A2522F079}
		{B0E38B2B-D3D7-401B-AD0F-65F1D8034324} = {84298611-5C46-4727-ABF4-243639C804EF}
		{E4DBFF2B-0E8E-495F-89BE-F4B15A4C7FC5} = {B0E38B2B-D3D7-401B-AD0F-65F1D8034324}
		{AD284810-1391-4E65-9A1B-E54BD6D8D4B4} = {F55BB7BB-CC3A-49B8-A058-D703B3AB518B}
	EndGlobalSection
	GlobalSection(ExtensibilityGlobals) = postSolution
		SolutionGuid = {4301D456-3D18-4B83-B217-BDA0855296FB}
	EndGlobalSection
EndGlobal
